
Microsoft Visual Studio Solution File, Format Version 12.00
# Visual Studio Version 17
VisualStudioVersion = 17.8.34511.84
MinimumVisualStudioVersion = 10.0.40219.1
Project("{9A19103F-16F7-4668-BE54-9A1E7A4F7556}") = "TodoList", "TodoList.csproj", "{22ED4F8F-359A-4E8F-BE15-F9E4DE7008E2}"
EndProject
Global
	GlobalSection(SolutionConfigurationPlatforms) = preSolution
		Debug|Any CPU = Debug|Any CPU
		Release|Any CPU = Release|Any CPU
	EndGlobalSection
	GlobalSection(ProjectConfigurationPlatforms) = postSolution
		{22ED4F8F-359A-4E8F-BE15-F9E4DE7008E2}.Debug|Any CPU.ActiveCfg = Debug|Any CPU
		{22ED4F8F-359A-4E8F-BE15-F9E4DE7008E2}.Debug|Any CPU.Build.0 = Debug|Any CPU
		{22ED4F8F-359A-4E8F-BE15-F9E4DE7008E2}.Release|Any CPU.ActiveCfg = Release|Any CPU
		{22ED4F8F-359A-4E8F-BE15-F9E4DE7008E2}.Release|Any CPU.Build.0 = Release|Any CPU
	EndGlobalSection
	GlobalSection(SolutionProperties) = preSolution
		HideSolutionNode = FALSE
	EndGlobalSection
	GlobalSection(ExtensibilityGlobals) = postSolution
		SolutionGuid = {B56D7466-0B42-4DDD-BD7B-D153AE4596EC}
	EndGlobalSection
EndGlobal
